// !$*UTF8*$!
{
	archiveVersion = 1;
	classes = {
	};
	objectVersion = 56;
	objects = {

/* Begin PBXBuildFile section */
		AA130FB7294261E1000B39CC /* Current.swift in Sources */ = {isa = PBXBuildFile; fileRef = AA130FB6294261E1000B39CC /* Current.swift */; };
		AA130FB9294261F3000B39CC /* Weather.swift in Sources */ = {isa = PBXBuildFile; fileRef = AA130FB8294261F3000B39CC /* Weather.swift */; };
		AA130FBB29426202000B39CC /* Hourly.swift in Sources */ = {isa = PBXBuildFile; fileRef = AA130FBA29426202000B39CC /* Hourly.swift */; };
		AA130FBD2942620E000B39CC /* Daily.swift in Sources */ = {isa = PBXBuildFile; fileRef = AA130FBC2942620E000B39CC /* Daily.swift */; };
		AA130FBF29426213000B39CC /* Temp.swift in Sources */ = {isa = PBXBuildFile; fileRef = AA130FBE29426213000B39CC /* Temp.swift */; };
		AA2194EC29518658000BB54E /* HourlyCollectionViewCell.swift in Sources */ = {isa = PBXBuildFile; fileRef = AA2194EB29518658000BB54E /* HourlyCollectionViewCell.swift */; };
		AA3F083F29387B4700DCCDB9 /* AppDelegate.swift in Sources */ = {isa = PBXBuildFile; fileRef = AA3F083E29387B4700DCCDB9 /* AppDelegate.swift */; };
		AA3F084129387B4700DCCDB9 /* SceneDelegate.swift in Sources */ = {isa = PBXBuildFile; fileRef = AA3F084029387B4700DCCDB9 /* SceneDelegate.swift */; };
		AA3F084329387B4700DCCDB9 /* MainViewController.swift in Sources */ = {isa = PBXBuildFile; fileRef = AA3F084229387B4700DCCDB9 /* MainViewController.swift */; };
		AA3F084629387B4700DCCDB9 /* Main.storyboard in Resources */ = {isa = PBXBuildFile; fileRef = AA3F084429387B4700DCCDB9 /* Main.storyboard */; };
		AA3F084829387B4800DCCDB9 /* Assets.xcassets in Resources */ = {isa = PBXBuildFile; fileRef = AA3F084729387B4800DCCDB9 /* Assets.xcassets */; };
		AA3F084B29387B4800DCCDB9 /* LaunchScreen.storyboard in Resources */ = {isa = PBXBuildFile; fileRef = AA3F084929387B4800DCCDB9 /* LaunchScreen.storyboard */; };
		AA73AED2293F749A00335E26 /* Alamofire in Frameworks */ = {isa = PBXBuildFile; productRef = AA73AED1293F749A00335E26 /* Alamofire */; };
		AA73AED4293F757C00335E26 /* WeatherData.swift in Sources */ = {isa = PBXBuildFile; fileRef = AA73AED3293F757C00335E26 /* WeatherData.swift */; };
		AA73AEE4293F7ED200335E26 /* Network.swift in Sources */ = {isa = PBXBuildFile; fileRef = AA73AEE3293F7ED200335E26 /* Network.swift */; };
		AAC240CD29560AAE006AEC64 /* HourlyViewController.swift in Sources */ = {isa = PBXBuildFile; fileRef = AAC240CC29560AAE006AEC64 /* HourlyViewController.swift */; };
		AAC240CF29560B22006AEC64 /* NetworkController.swift in Sources */ = {isa = PBXBuildFile; fileRef = AAC240CE29560B22006AEC64 /* NetworkController.swift */; };
		AAC240D329560C01006AEC64 /* DailyViewController.swift in Sources */ = {isa = PBXBuildFile; fileRef = AAC240D229560C01006AEC64 /* DailyViewController.swift */; };
		AAC240D529560C26006AEC64 /* DailyCollectionViewCell.swift in Sources */ = {isa = PBXBuildFile; fileRef = AAC240D429560C26006AEC64 /* DailyCollectionViewCell.swift */; };
/* End PBXBuildFile section */

/* Begin PBXFileReference section */
		AA130FB6294261E1000B39CC /* Current.swift */ = {isa = PBXFileReference; lastKnownFileType = sourcecode.swift; path = Current.swift; sourceTree = "<group>"; };
		AA130FB8294261F3000B39CC /* Weather.swift */ = {isa = PBXFileReference; lastKnownFileType = sourcecode.swift; path = Weather.swift; sourceTree = "<group>"; };
		AA130FBA29426202000B39CC /* Hourly.swift */ = {isa = PBXFileReference; lastKnownFileType = sourcecode.swift; path = Hourly.swift; sourceTree = "<group>"; };
		AA130FBC2942620E000B39CC /* Daily.swift */ = {isa = PBXFileReference; lastKnownFileType = sourcecode.swift; path = Daily.swift; sourceTree = "<group>"; };
		AA130FBE29426213000B39CC /* Temp.swift */ = {isa = PBXFileReference; lastKnownFileType = sourcecode.swift; path = Temp.swift; sourceTree = "<group>"; };
		AA2194EB29518658000BB54E /* HourlyCollectionViewCell.swift */ = {isa = PBXFileReference; lastKnownFileType = sourcecode.swift; path = HourlyCollectionViewCell.swift; sourceTree = "<group>"; };
		AA3F083B29387B4700DCCDB9 /* WeatherApp.app */ = {isa = PBXFileReference; explicitFileType = wrapper.application; includeInIndex = 0; path = WeatherApp.app; sourceTree = BUILT_PRODUCTS_DIR; };
		AA3F083E29387B4700DCCDB9 /* AppDelegate.swift */ = {isa = PBXFileReference; lastKnownFileType = sourcecode.swift; path = AppDelegate.swift; sourceTree = "<group>"; };
		AA3F084029387B4700DCCDB9 /* SceneDelegate.swift */ = {isa = PBXFileReference; lastKnownFileType = sourcecode.swift; path = SceneDelegate.swift; sourceTree = "<group>"; };
		AA3F084229387B4700DCCDB9 /* MainViewController.swift */ = {isa = PBXFileReference; lastKnownFileType = sourcecode.swift; path = MainViewController.swift; sourceTree = "<group>"; };
		AA3F084529387B4700DCCDB9 /* Base */ = {isa = PBXFileReference; lastKnownFileType = file.storyboard; name = Base; path = Base.lproj/Main.storyboard; sourceTree = "<group>"; };
		AA3F084729387B4800DCCDB9 /* Assets.xcassets */ = {isa = PBXFileReference; lastKnownFileType = folder.assetcatalog; path = Assets.xcassets; sourceTree = "<group>"; };
		AA3F084A29387B4800DCCDB9 /* Base */ = {isa = PBXFileReference; lastKnownFileType = file.storyboard; name = Base; path = Base.lproj/LaunchScreen.storyboard; sourceTree = "<group>"; };
		AA3F084C29387B4800DCCDB9 /* Info.plist */ = {isa = PBXFileReference; lastKnownFileType = text.plist.xml; path = Info.plist; sourceTree = "<group>"; };
		AA73AED3293F757C00335E26 /* WeatherData.swift */ = {isa = PBXFileReference; lastKnownFileType = sourcecode.swift; path = WeatherData.swift; sourceTree = "<group>"; };
		AA73AEE3293F7ED200335E26 /* Network.swift */ = {isa = PBXFileReference; lastKnownFileType = sourcecode.swift; path = Network.swift; sourceTree = "<group>"; };
		AAC240CC29560AAE006AEC64 /* HourlyViewController.swift */ = {isa = PBXFileReference; lastKnownFileType = sourcecode.swift; path = HourlyViewController.swift; sourceTree = "<group>"; };
		AAC240CE29560B22006AEC64 /* NetworkController.swift */ = {isa = PBXFileReference; lastKnownFileType = sourcecode.swift; path = NetworkController.swift; sourceTree = "<group>"; };
		AAC240D229560C01006AEC64 /* DailyViewController.swift */ = {isa = PBXFileReference; lastKnownFileType = sourcecode.swift; path = DailyViewController.swift; sourceTree = "<group>"; };
		AAC240D429560C26006AEC64 /* DailyCollectionViewCell.swift */ = {isa = PBXFileReference; lastKnownFileType = sourcecode.swift; path = DailyCollectionViewCell.swift; sourceTree = "<group>"; };
/* End PBXFileReference section */

/* Begin PBXFrameworksBuildPhase section */
		AA3F083829387B4700DCCDB9 /* Frameworks */ = {
			isa = PBXFrameworksBuildPhase;
			buildActionMask = 2147483647;
			files = (
				AA73AED2293F749A00335E26 /* Alamofire in Frameworks */,
			);
			runOnlyForDeploymentPostprocessing = 0;
		};
/* End PBXFrameworksBuildPhase section */

/* Begin PBXGroup section */
		AA3F083229387B4700DCCDB9 = {
			isa = PBXGroup;
			children = (
				AA3F083D29387B4700DCCDB9 /* WeatherApp */,
				AA3F083C29387B4700DCCDB9 /* Products */,
			);
			sourceTree = "<group>";
		};
		AA3F083C29387B4700DCCDB9 /* Products */ = {
			isa = PBXGroup;
			children = (
				AA3F083B29387B4700DCCDB9 /* WeatherApp.app */,
			);
			name = Products;
			sourceTree = "<group>";
		};
		AA3F083D29387B4700DCCDB9 /* WeatherApp */ = {
			isa = PBXGroup;
			children = (
				AA3F085429387B6E00DCCDB9 /* Controller */,
				AA3F085329387B6600DCCDB9 /* View */,
				AA3F085229387B5600DCCDB9 /* Model */,
				AA3F084C29387B4800DCCDB9 /* Info.plist */,
			);
			path = WeatherApp;
			sourceTree = "<group>";
		};
		AA3F085229387B5600DCCDB9 /* Model */ = {
			isa = PBXGroup;
			children = (
				AA73AEE2293F7EC600335E26 /* Protocol */,
				AA73AED5293F763E00335E26 /* Network */,
			);
			path = Model;
			sourceTree = "<group>";
		};
		AA3F085329387B6600DCCDB9 /* View */ = {
			isa = PBXGroup;
			children = (
				AA3F084429387B4700DCCDB9 /* Main.storyboard */,
				AA3F084929387B4800DCCDB9 /* LaunchScreen.storyboard */,
				AA3F084729387B4800DCCDB9 /* Assets.xcassets */,
			);
			path = View;
			sourceTree = "<group>";
		};
		AA3F085429387B6E00DCCDB9 /* Controller */ = {
			isa = PBXGroup;
			children = (
				AA3F083E29387B4700DCCDB9 /* AppDelegate.swift */,
				AA3F084029387B4700DCCDB9 /* SceneDelegate.swift */,
				AA3F084229387B4700DCCDB9 /* MainViewController.swift */,
				AAC240CC29560AAE006AEC64 /* HourlyViewController.swift */,
				AA2194EB29518658000BB54E /* HourlyCollectionViewCell.swift */,
				AAC240D229560C01006AEC64 /* DailyViewController.swift */,
				AAC240D429560C26006AEC64 /* DailyCollectionViewCell.swift */,
				AAC240CE29560B22006AEC64 /* NetworkController.swift */,
			);
			path = Controller;
			sourceTree = "<group>";
		};
		AA73AED5293F763E00335E26 /* Network */ = {
			isa = PBXGroup;
			children = (
				AA73AED3293F757C00335E26 /* WeatherData.swift */,
				AA130FB6294261E1000B39CC /* Current.swift */,
				AA130FBA29426202000B39CC /* Hourly.swift */,
				AA130FBC2942620E000B39CC /* Daily.swift */,
				AA130FB8294261F3000B39CC /* Weather.swift */,
				AA130FBE29426213000B39CC /* Temp.swift */,
			);
			path = Network;
			sourceTree = "<group>";
		};
		AA73AEE2293F7EC600335E26 /* Protocol */ = {
			isa = PBXGroup;
			children = (
				AA73AEE3293F7ED200335E26 /* Network.swift */,
			);
			path = Protocol;
			sourceTree = "<group>";
		};
/* End PBXGroup section */

/* Begin PBXNativeTarget section */
		AA3F083A29387B4700DCCDB9 /* WeatherApp */ = {
			isa = PBXNativeTarget;
			buildConfigurationList = AA3F084F29387B4800DCCDB9 /* Build configuration list for PBXNativeTarget "WeatherApp" */;
			buildPhases = (
				AA3F083729387B4700DCCDB9 /* Sources */,
				AA3F083829387B4700DCCDB9 /* Frameworks */,
				AA3F083929387B4700DCCDB9 /* Resources */,
			);
			buildRules = (
			);
			dependencies = (
			);
			name = WeatherApp;
			packageProductDependencies = (
				AA73AED1293F749A00335E26 /* Alamofire */,
			);
			productName = WeatherApp;
			productReference = AA3F083B29387B4700DCCDB9 /* WeatherApp.app */;
			productType = "com.apple.product-type.application";
		};
/* End PBXNativeTarget section */

/* Begin PBXProject section */
		AA3F083329387B4700DCCDB9 /* Project object */ = {
			isa = PBXProject;
			attributes = {
				BuildIndependentTargetsInParallel = 1;
				LastSwiftUpdateCheck = 1410;
				LastUpgradeCheck = 1410;
				TargetAttributes = {
					AA3F083A29387B4700DCCDB9 = {
						CreatedOnToolsVersion = 14.1;
					};
				};
			};
			buildConfigurationList = AA3F083629387B4700DCCDB9 /* Build configuration list for PBXProject "WeatherApp" */;
			compatibilityVersion = "Xcode 14.0";
			developmentRegion = en;
			hasScannedForEncodings = 0;
			knownRegions = (
				en,
				Base,
			);
			mainGroup = AA3F083229387B4700DCCDB9;
			packageReferences = (
				AA73AED0293F749A00335E26 /* XCRemoteSwiftPackageReference "Alamofire" */,
			);
			productRefGroup = AA3F083C29387B4700DCCDB9 /* Products */;
			projectDirPath = "";
			projectRoot = "";
			targets = (
				AA3F083A29387B4700DCCDB9 /* WeatherApp */,
			);
		};
/* End PBXProject section */

/* Begin PBXResourcesBuildPhase section */
		AA3F083929387B4700DCCDB9 /* Resources */ = {
			isa = PBXResourcesBuildPhase;
			buildActionMask = 2147483647;
			files = (
				AA3F084B29387B4800DCCDB9 /* LaunchScreen.storyboard in Resources */,
				AA3F084829387B4800DCCDB9 /* Assets.xcassets in Resources */,
				AA3F084629387B4700DCCDB9 /* Main.storyboard in Resources */,
			);
			runOnlyForDeploymentPostprocessing = 0;
		};
/* End PBXResourcesBuildPhase section */

/* Begin PBXSourcesBuildPhase section */
		AA3F083729387B4700DCCDB9 /* Sources */ = {
			isa = PBXSourcesBuildPhase;
			buildActionMask = 2147483647;
			files = (
				AAC240D529560C26006AEC64 /* DailyCollectionViewCell.swift in Sources */,
				AAC240D329560C01006AEC64 /* DailyViewController.swift in Sources */,
				AA73AED4293F757C00335E26 /* WeatherData.swift in Sources */,
				AA3F084329387B4700DCCDB9 /* MainViewController.swift in Sources */,
				AA2194EC29518658000BB54E /* HourlyCollectionViewCell.swift in Sources */,
				AAC240CD29560AAE006AEC64 /* HourlyViewController.swift in Sources */,
				AA130FBB29426202000B39CC /* Hourly.swift in Sources */,
				AA3F083F29387B4700DCCDB9 /* AppDelegate.swift in Sources */,
				AA130FB7294261E1000B39CC /* Current.swift in Sources */,
				AA73AEE4293F7ED200335E26 /* Network.swift in Sources */,
				AA3F084129387B4700DCCDB9 /* SceneDelegate.swift in Sources */,
				AA130FBF29426213000B39CC /* Temp.swift in Sources */,
				AA130FB9294261F3000B39CC /* Weather.swift in Sources */,
				AA130FBD2942620E000B39CC /* Daily.swift in Sources */,
				AAC240CF29560B22006AEC64 /* NetworkController.swift in Sources */,
			);
			runOnlyForDeploymentPostprocessing = 0;
		};
/* End PBXSourcesBuildPhase section */

/* Begin PBXVariantGroup section */
		AA3F084429387B4700DCCDB9 /* Main.storyboard */ = {
			isa = PBXVariantGroup;
			children = (
				AA3F084529387B4700DCCDB9 /* Base */,
			);
			name = Main.storyboard;
			sourceTree = "<group>";
		};
		AA3F084929387B4800DCCDB9 /* LaunchScreen.storyboard */ = {
			isa = PBXVariantGroup;
			children = (
				AA3F084A29387B4800DCCDB9 /* Base */,
			);
			name = LaunchScreen.storyboard;
			sourceTree = "<group>";
		};
/* End PBXVariantGroup section */

/* Begin XCBuildConfiguration section */
		AA3F084D29387B4800DCCDB9 /* Debug */ = {
			isa = XCBuildConfiguration;
			buildSettings = {
				ALWAYS_SEARCH_USER_PATHS = NO;
				CLANG_ANALYZER_NONNULL = YES;
				CLANG_ANALYZER_NUMBER_OBJECT_CONVERSION = YES_AGGRESSIVE;
				CLANG_CXX_LANGUAGE_STANDARD = "gnu++20";
				CLANG_ENABLE_MODULES = YES;
				CLANG_ENABLE_OBJC_ARC = YES;
				CLANG_ENABLE_OBJC_WEAK = YES;
				CLANG_WARN_BLOCK_CAPTURE_AUTORELEASING = YES;
				CLANG_WARN_BOOL_CONVERSION = YES;
				CLANG_WARN_COMMA = YES;
				CLANG_WARN_CONSTANT_CONVERSION = YES;
				CLANG_WARN_DEPRECATED_OBJC_IMPLEMENTATIONS = YES;
				CLANG_WARN_DIRECT_OBJC_ISA_USAGE = YES_ERROR;
				CLANG_WARN_DOCUMENTATION_COMMENTS = YES;
				CLANG_WARN_EMPTY_BODY = YES;
				CLANG_WARN_ENUM_CONVERSION = YES;
				CLANG_WARN_INFINITE_RECURSION = YES;
				CLANG_WARN_INT_CONVERSION = YES;
				CLANG_WARN_NON_LITERAL_NULL_CONVERSION = YES;
				CLANG_WARN_OBJC_IMPLICIT_RETAIN_SELF = YES;
				CLANG_WARN_OBJC_LITERAL_CONVERSION = YES;
				CLANG_WARN_OBJC_ROOT_CLASS = YES_ERROR;
				CLANG_WARN_QUOTED_INCLUDE_IN_FRAMEWORK_HEADER = YES;
				CLANG_WARN_RANGE_LOOP_ANALYSIS = YES;
				CLANG_WARN_STRICT_PROTOTYPES = YES;
				CLANG_WARN_SUSPICIOUS_MOVE = YES;
				CLANG_WARN_UNGUARDED_AVAILABILITY = YES_AGGRESSIVE;
				CLANG_WARN_UNREACHABLE_CODE = YES;
				CLANG_WARN__DUPLICATE_METHOD_MATCH = YES;
				COPY_PHASE_STRIP = NO;
				DEBUG_INFORMATION_FORMAT = dwarf;
				ENABLE_STRICT_OBJC_MSGSEND = YES;
				ENABLE_TESTABILITY = YES;
				GCC_C_LANGUAGE_STANDARD = gnu11;
				GCC_DYNAMIC_NO_PIC = NO;
				GCC_NO_COMMON_BLOCKS = YES;
				GCC_OPTIMIZATION_LEVEL = 0;
				GCC_PREPROCESSOR_DEFINITIONS = (
					"DEBUG=1",
					"$(inherited)",
				);
				GCC_WARN_64_TO_32_BIT_CONVERSION = YES;
				GCC_WARN_ABOUT_RETURN_TYPE = YES_ERROR;
				GCC_WARN_UNDECLARED_SELECTOR = YES;
				GCC_WARN_UNINITIALIZED_AUTOS = YES_AGGRESSIVE;
				GCC_WARN_UNUSED_FUNCTION = YES;
				GCC_WARN_UNUSED_VARIABLE = YES;
				IPHONEOS_DEPLOYMENT_TARGET = 16.1;
				MTL_ENABLE_DEBUG_INFO = INCLUDE_SOURCE;
				MTL_FAST_MATH = YES;
				ONLY_ACTIVE_ARCH = YES;
				SDKROOT = iphoneos;
				SWIFT_ACTIVE_COMPILATION_CONDITIONS = DEBUG;
				SWIFT_OPTIMIZATION_LEVEL = "-Onone";
			};
			name = Debug;
		};
		AA3F084E29387B4800DCCDB9 /* Release */ = {
			isa = XCBuildConfiguration;
			buildSettings = {
				ALWAYS_SEARCH_USER_PATHS = NO;
				CLANG_ANALYZER_NONNULL = YES;
				CLANG_ANALYZER_NUMBER_OBJECT_CONVERSION = YES_AGGRESSIVE;
				CLANG_CXX_LANGUAGE_STANDARD = "gnu++20";
				CLANG_ENABLE_MODULES = YES;
				CLANG_ENABLE_OBJC_ARC = YES;
				CLANG_ENABLE_OBJC_WEAK = YES;
				CLANG_WARN_BLOCK_CAPTURE_AUTORELEASING = YES;
				CLANG_WARN_BOOL_CONVERSION = YES;
				CLANG_WARN_COMMA = YES;
				CLANG_WARN_CONSTANT_CONVERSION = YES;
				CLANG_WARN_DEPRECATED_OBJC_IMPLEMENTATIONS = YES;
				CLANG_WARN_DIRECT_OBJC_ISA_USAGE = YES_ERROR;
				CLANG_WARN_DOCUMENTATION_COMMENTS = YES;
				CLANG_WARN_EMPTY_BODY = YES;
				CLANG_WARN_ENUM_CONVERSION = YES;
				CLANG_WARN_INFINITE_RECURSION = YES;
				CLANG_WARN_INT_CONVERSION = YES;
				CLANG_WARN_NON_LITERAL_NULL_CONVERSION = YES;
				CLANG_WARN_OBJC_IMPLICIT_RETAIN_SELF = YES;
				CLANG_WARN_OBJC_LITERAL_CONVERSION = YES;
				CLANG_WARN_OBJC_ROOT_CLASS = YES_ERROR;
				CLANG_WARN_QUOTED_INCLUDE_IN_FRAMEWORK_HEADER = YES;
				CLANG_WARN_RANGE_LOOP_ANALYSIS = YES;
				CLANG_WARN_STRICT_PROTOTYPES = YES;
				CLANG_WARN_SUSPICIOUS_MOVE = YES;
				CLANG_WARN_UNGUARDED_AVAILABILITY = YES_AGGRESSIVE;
				CLANG_WARN_UNREACHABLE_CODE = YES;
				CLANG_WARN__DUPLICATE_METHOD_MATCH = YES;
				COPY_PHASE_STRIP = NO;
				DEBUG_INFORMATION_FORMAT = "dwarf-with-dsym";
				ENABLE_NS_ASSERTIONS = NO;
				ENABLE_STRICT_OBJC_MSGSEND = YES;
				GCC_C_LANGUAGE_STANDARD = gnu11;
				GCC_NO_COMMON_BLOCKS = YES;
				GCC_WARN_64_TO_32_BIT_CONVERSION = YES;
				GCC_WARN_ABOUT_RETURN_TYPE = YES_ERROR;
				GCC_WARN_UNDECLARED_SELECTOR = YES;
				GCC_WARN_UNINITIALIZED_AUTOS = YES_AGGRESSIVE;
				GCC_WARN_UNUSED_FUNCTION = YES;
				GCC_WARN_UNUSED_VARIABLE = YES;
				IPHONEOS_DEPLOYMENT_TARGET = 16.1;
				MTL_ENABLE_DEBUG_INFO = NO;
				MTL_FAST_MATH = YES;
				SDKROOT = iphoneos;
				SWIFT_COMPILATION_MODE = wholemodule;
				SWIFT_OPTIMIZATION_LEVEL = "-O";
				VALIDATE_PRODUCT = YES;
			};
			name = Release;
		};
		AA3F085029387B4800DCCDB9 /* Debug */ = {
			isa = XCBuildConfiguration;
			buildSettings = {
				ASSETCATALOG_COMPILER_APPICON_NAME = AppIcon;
				ASSETCATALOG_COMPILER_GLOBAL_ACCENT_COLOR_NAME = AccentColor;
				CODE_SIGN_STYLE = Automatic;
				CURRENT_PROJECT_VERSION = 1;
				DEVELOPMENT_TEAM = AA26AP9BHD;
				GENERATE_INFOPLIST_FILE = YES;
				INFOPLIST_FILE = WeatherApp/Info.plist;
				INFOPLIST_KEY_UIApplicationSupportsIndirectInputEvents = YES;
				INFOPLIST_KEY_UILaunchStoryboardName = LaunchScreen;
				INFOPLIST_KEY_UIMainStoryboardFile = Main;
				INFOPLIST_KEY_UISupportedInterfaceOrientations_iPad = "UIInterfaceOrientationPortrait UIInterfaceOrientationPortraitUpsideDown UIInterfaceOrientationLandscapeLeft UIInterfaceOrientationLandscapeRight";
				INFOPLIST_KEY_UISupportedInterfaceOrientations_iPhone = "UIInterfaceOrientationPortrait UIInterfaceOrientationLandscapeLeft UIInterfaceOrientationLandscapeRight";
				LD_RUNPATH_SEARCH_PATHS = (
					"$(inherited)",
					"@executable_path/Frameworks",
				);
				MARKETING_VERSION = 1.0;
				PRODUCT_BUNDLE_IDENTIFIER = dodo.WeatherApp;
				PRODUCT_NAME = "$(TARGET_NAME)";
				SWIFT_EMIT_LOC_STRINGS = YES;
				SWIFT_VERSION = 5.0;
				TARGETED_DEVICE_FAMILY = "1,2";
			};
			name = Debug;
		};
		AA3F085129387B4800DCCDB9 /* Release */ = {
			isa = XCBuildConfiguration;
			buildSettings = {
				ASSETCATALOG_COMPILER_APPICON_NAME = AppIcon;
				ASSETCATALOG_COMPILER_GLOBAL_ACCENT_COLOR_NAME = AccentColor;
				CODE_SIGN_STYLE = Automatic;
				CURRENT_PROJECT_VERSION = 1;
				DEVELOPMENT_TEAM = AA26AP9BHD;
				GENERATE_INFOPLIST_FILE = YES;
				INFOPLIST_FILE = WeatherApp/Info.plist;
				INFOPLIST_KEY_UIApplicationSupportsIndirectInputEvents = YES;
				INFOPLIST_KEY_UILaunchStoryboardName = LaunchScreen;
				INFOPLIST_KEY_UIMainStoryboardFile = Main;
				INFOPLIST_KEY_UISupportedInterfaceOrientations_iPad = "UIInterfaceOrientationPortrait UIInterfaceOrientationPortraitUpsideDown UIInterfaceOrientationLandscapeLeft UIInterfaceOrientationLandscapeRight";
				INFOPLIST_KEY_UISupportedInterfaceOrientations_iPhone = "UIInterfaceOrientationPortrait UIInterfaceOrientationLandscapeLeft UIInterfaceOrientationLandscapeRight";
				LD_RUNPATH_SEARCH_PATHS = (
					"$(inherited)",
					"@executable_path/Frameworks",
				);
				MARKETING_VERSION = 1.0;
				PRODUCT_BUNDLE_IDENTIFIER = dodo.WeatherApp;
				PRODUCT_NAME = "$(TARGET_NAME)";
				SWIFT_EMIT_LOC_STRINGS = YES;
				SWIFT_VERSION = 5.0;
				TARGETED_DEVICE_FAMILY = "1,2";
			};
			name = Release;
		};
/* End XCBuildConfiguration section */

/* Begin XCConfigurationList section */
		AA3F083629387B4700DCCDB9 /* Build configuration list for PBXProject "WeatherApp" */ = {
			isa = XCConfigurationList;
			buildConfigurations = (
				AA3F084D29387B4800DCCDB9 /* Debug */,
				AA3F084E29387B4800DCCDB9 /* Release */,
			);
			defaultConfigurationIsVisible = 0;
			defaultConfigurationName = Release;
		};
		AA3F084F29387B4800DCCDB9 /* Build configuration list for PBXNativeTarget "WeatherApp" */ = {
			isa = XCConfigurationList;
			buildConfigurations = (
				AA3F085029387B4800DCCDB9 /* Debug */,
				AA3F085129387B4800DCCDB9 /* Release */,
			);
			defaultConfigurationIsVisible = 0;
			defaultConfigurationName = Release;
		};
/* End XCConfigurationList section */

/* Begin XCRemoteSwiftPackageReference section */
		AA73AED0293F749A00335E26 /* XCRemoteSwiftPackageReference "Alamofire" */ = {
			isa = XCRemoteSwiftPackageReference;
			repositoryURL = "https://github.com/Alamofire/Alamofire";
			requirement = {
				kind = upToNextMajorVersion;
				minimumVersion = 5.0.0;
			};
		};
/* End XCRemoteSwiftPackageReference section */

/* Begin XCSwiftPackageProductDependency section */
		AA73AED1293F749A00335E26 /* Alamofire */ = {
			isa = XCSwiftPackageProductDependency;
			package = AA73AED0293F749A00335E26 /* XCRemoteSwiftPackageReference "Alamofire" */;
			productName = Alamofire;
		};
/* End XCSwiftPackageProductDependency section */
	};
	rootObject = AA3F083329387B4700DCCDB9 /* Project object */;
}
